
Microsoft Visual Studio Solution File, Format Version 12.00
# Visual Studio 15
Project("{FAE04EC0-301F-11D3-BF4B-00C04F79EFBC}") = "Assembly-CSharp", "Assembly-CSharp.csproj", "{F8190EFC-3D57-3A68-A7BD-DF3D8B032647}"
EndProject
Project("{FAE04EC0-301F-11D3-BF4B-00C04F79EFBC}") = "Assembly-CSharp-Editor", "Assembly-CSharp-Editor.csproj", "{C4E6747D-575E-315C-1390-D1621C4CCF77}"
EndProject
Global
	GlobalSection(SolutionConfigurationPlatforms) = preSolution
		Debug|Any CPU = Debug|Any CPU
		Release|Any CPU = Release|Any CPU
	EndGlobalSection
	GlobalSection(ProjectConfigurationPlatforms) = postSolution
		{F8190EFC-3D57-3A68-A7BD-DF3D8B032647}.Debug|Any CPU.ActiveCfg = Debug|Any CPU
		{F8190EFC-3D57-3A68-A7BD-DF3D8B032647}.Debug|Any CPU.Build.0 = Debug|Any CPU
		{F8190EFC-3D57-3A68-A7BD-DF3D8B032647}.Release|Any CPU.ActiveCfg = Release|Any CPU
		{F8190EFC-3D57-3A68-A7BD-DF3D8B032647}.Release|Any CPU.Build.0 = Release|Any CPU
		{C4E6747D-575E-315C-1390-D1621C4CCF77}.Debug|Any CPU.ActiveCfg = Debug|Any CPU
		{C4E6747D-575E-315C-1390-D1621C4CCF77}.Debug|Any CPU.Build.0 = Debug|Any CPU
		{C4E6747D-575E-315C-1390-D1621C4CCF77}.Release|Any CPU.ActiveCfg = Release|Any CPU
		{C4E6747D-575E-315C-1390-D1621C4CCF77}.Release|Any CPU.Build.0 = Release|Any CPU
	EndGlobalSection
	GlobalSection(SolutionProperties) = preSolution
		HideSolutionNode = FALSE
	EndGlobalSection
EndGlobal
